
Microsoft Visual Studio Solution File, Format Version 12.00
# Visual Studio Version 17
VisualStudioVersion = 17.5.002.0
MinimumVisualStudioVersion = 10.0.40219.1
Project("{9A19103F-16F7-4668-BE54-9A1E7A4F7556}") = "apifuncionario", "apifuncionario.csproj", "{30DA58BD-5985-4B5B-A451-B4A90B431BFB}"
EndProject
Global
	GlobalSection(SolutionConfigurationPlatforms) = preSolution
		Debug|Any CPU = Debug|Any CPU
		Release|Any CPU = Release|Any CPU
	EndGlobalSection
	GlobalSection(ProjectConfigurationPlatforms) = postSolution
		{30DA58BD-5985-4B5B-A451-B4A90B431BFB}.Debug|Any CPU.ActiveCfg = Debug|Any CPU
		{30DA58BD-5985-4B5B-A451-B4A90B431BFB}.Debug|Any CPU.Build.0 = Debug|Any CPU
		{30DA58BD-5985-4B5B-A451-B4A90B431BFB}.Release|Any CPU.ActiveCfg = Release|Any CPU
		{30DA58BD-5985-4B5B-A451-B4A90B431BFB}.Release|Any CPU.Build.0 = Release|Any CPU
	EndGlobalSection
	GlobalSection(SolutionProperties) = preSolution
		HideSolutionNode = FALSE
	EndGlobalSection
	GlobalSection(ExtensibilityGlobals) = postSolution
		SolutionGuid = {D64ABEA9-F330-44BE-9F4E-A17DC5D7FC59}
	EndGlobalSection
EndGlobal
